
Microsoft Visual Studio Solution File, Format Version 12.00
# Visual Studio Version 16
VisualStudioVersion = 16.0.29123.88
MinimumVisualStudioVersion = 10.0.40219.1
Project("{FAE04EC0-301F-11D3-BF4B-00C04F79EFBC}") = "ExercAlgort2", "Program\ExercAlgort2.csproj", "{1662AA43-AA2E-48C6-B44B-705FD897ADA7}"
EndProject
Global
	GlobalSection(SolutionConfigurationPlatforms) = preSolution
		Debug|Any CPU = Debug|Any CPU
		Release|Any CPU = Release|Any CPU
	EndGlobalSection
	GlobalSection(ProjectConfigurationPlatforms) = postSolution
		{1662AA43-AA2E-48C6-B44B-705FD897ADA7}.Debug|Any CPU.ActiveCfg = Debug|Any CPU
		{1662AA43-AA2E-48C6-B44B-705FD897ADA7}.Debug|Any CPU.Build.0 = Debug|Any CPU
		{1662AA43-AA2E-48C6-B44B-705FD897ADA7}.Release|Any CPU.ActiveCfg = Release|Any CPU
		{1662AA43-AA2E-48C6-B44B-705FD897ADA7}.Release|Any CPU.Build.0 = Release|Any CPU
	EndGlobalSection
	GlobalSection(SolutionProperties) = preSolution
		HideSolutionNode = FALSE
	EndGlobalSection
	GlobalSection(ExtensibilityGlobals) = postSolution
		SolutionGuid = {152F4B82-8D98-49D5-AAB0-3EFE868F61E0}
	EndGlobalSection
EndGlobal
